// !$*UTF8*$!
{
	archiveVersion = 1;
	classes = {
	};
	objectVersion = 55;
	objects = {

/* Begin PBXBuildFile section */
		3519B65529146A980097CC86 /* ProfileController.swift in Sources */ = {isa = PBXBuildFile; fileRef = 3519B65429146A980097CC86 /* ProfileController.swift */; };
		3519B6582914776A0097CC86 /* ProfileHeader.swift in Sources */ = {isa = PBXBuildFile; fileRef = 3519B6572914776A0097CC86 /* ProfileHeader.swift */; };
		3519B65A291477A90097CC86 /* SecondaryLabel.swift in Sources */ = {isa = PBXBuildFile; fileRef = 3519B659291477A90097CC86 /* SecondaryLabel.swift */; };
		359F4F1F290F0342008C05AE /* AppDelegate.swift in Sources */ = {isa = PBXBuildFile; fileRef = 359F4F1E290F0342008C05AE /* AppDelegate.swift */; };
		359F4F21290F0342008C05AE /* SceneDelegate.swift in Sources */ = {isa = PBXBuildFile; fileRef = 359F4F20290F0342008C05AE /* SceneDelegate.swift */; };
		359F4F28290F0345008C05AE /* Assets.xcassets in Resources */ = {isa = PBXBuildFile; fileRef = 359F4F27290F0345008C05AE /* Assets.xcassets */; };
		359F4F2B290F0345008C05AE /* LaunchScreen.storyboard in Resources */ = {isa = PBXBuildFile; fileRef = 359F4F29290F0345008C05AE /* LaunchScreen.storyboard */; };
		359F4F37290F333D008C05AE /* SearchController.swift in Sources */ = {isa = PBXBuildFile; fileRef = 359F4F36290F333D008C05AE /* SearchController.swift */; };
		359F4F39290F3397008C05AE /* FavoritesController.swift in Sources */ = {isa = PBXBuildFile; fileRef = 359F4F38290F3397008C05AE /* FavoritesController.swift */; };
		359F4F3C290F39E7008C05AE /* Button.swift in Sources */ = {isa = PBXBuildFile; fileRef = 359F4F3B290F39E7008C05AE /* Button.swift */; };
		359F4F3E290F3C0C008C05AE /* Extensions.swift in Sources */ = {isa = PBXBuildFile; fileRef = 359F4F3D290F3C0C008C05AE /* Extensions.swift */; };
		359F4F40290F3D02008C05AE /* TextField.swift in Sources */ = {isa = PBXBuildFile; fileRef = 359F4F3F290F3D02008C05AE /* TextField.swift */; };
		359F4F42290F48E8008C05AE /* FollowersController.swift in Sources */ = {isa = PBXBuildFile; fileRef = 359F4F41290F48E8008C05AE /* FollowersController.swift */; };
		35ACFA092911713C000211E3 /* TitleLabel.swift in Sources */ = {isa = PBXBuildFile; fileRef = 35ACFA082911713C000211E3 /* TitleLabel.swift */; };
		35ACFA0B2911784A000211E3 /* BodyLabel.swift in Sources */ = {isa = PBXBuildFile; fileRef = 35ACFA0A2911784A000211E3 /* BodyLabel.swift */; };
		35ACFA0D29117935000211E3 /* AlertController.swift in Sources */ = {isa = PBXBuildFile; fileRef = 35ACFA0C29117935000211E3 /* AlertController.swift */; };
		35ACFA0F29117E1A000211E3 /* Constants.swift in Sources */ = {isa = PBXBuildFile; fileRef = 35ACFA0E29117E1A000211E3 /* Constants.swift */; };
		35ACFA1229118611000211E3 /* Follower.swift in Sources */ = {isa = PBXBuildFile; fileRef = 35ACFA1129118611000211E3 /* Follower.swift */; };
		35ACFA14291186C3000211E3 /* User.swift in Sources */ = {isa = PBXBuildFile; fileRef = 35ACFA13291186C3000211E3 /* User.swift */; };
		35ACFA162911A0A5000211E3 /* NetworkManager.swift in Sources */ = {isa = PBXBuildFile; fileRef = 35ACFA152911A0A5000211E3 /* NetworkManager.swift */; };
		35ACFA182911AAAF000211E3 /* Enums.swift in Sources */ = {isa = PBXBuildFile; fileRef = 35ACFA172911AAAF000211E3 /* Enums.swift */; };
		35E9D1F02912DD8300EED3B6 /* UIHelper.swift in Sources */ = {isa = PBXBuildFile; fileRef = 35E9D1EF2912DD8300EED3B6 /* UIHelper.swift */; };
		35E9D1F22912F12500EED3B6 /* EmptyState.swift in Sources */ = {isa = PBXBuildFile; fileRef = 35E9D1F12912F12500EED3B6 /* EmptyState.swift */; };
		35FA98952911B26200025038 /* FollowerCell.swift in Sources */ = {isa = PBXBuildFile; fileRef = 35FA98942911B26200025038 /* FollowerCell.swift */; };
		35FA98972911B3C400025038 /* AvatarImage.swift in Sources */ = {isa = PBXBuildFile; fileRef = 35FA98962911B3C400025038 /* AvatarImage.swift */; };
/* End PBXBuildFile section */

/* Begin PBXFileReference section */
		3519B65429146A980097CC86 /* ProfileController.swift */ = {isa = PBXFileReference; lastKnownFileType = sourcecode.swift; path = ProfileController.swift; sourceTree = "<group>"; };
		3519B6572914776A0097CC86 /* ProfileHeader.swift */ = {isa = PBXFileReference; lastKnownFileType = sourcecode.swift; path = ProfileHeader.swift; sourceTree = "<group>"; };
		3519B659291477A90097CC86 /* SecondaryLabel.swift */ = {isa = PBXFileReference; lastKnownFileType = sourcecode.swift; path = SecondaryLabel.swift; sourceTree = "<group>"; };
		359F4F1B290F0342008C05AE /* GitHub Followers.app */ = {isa = PBXFileReference; explicitFileType = wrapper.application; includeInIndex = 0; path = "GitHub Followers.app"; sourceTree = BUILT_PRODUCTS_DIR; };
		359F4F1E290F0342008C05AE /* AppDelegate.swift */ = {isa = PBXFileReference; lastKnownFileType = sourcecode.swift; path = AppDelegate.swift; sourceTree = "<group>"; };
		359F4F20290F0342008C05AE /* SceneDelegate.swift */ = {isa = PBXFileReference; lastKnownFileType = sourcecode.swift; path = SceneDelegate.swift; sourceTree = "<group>"; };
		359F4F27290F0345008C05AE /* Assets.xcassets */ = {isa = PBXFileReference; lastKnownFileType = folder.assetcatalog; path = Assets.xcassets; sourceTree = "<group>"; };
		359F4F2A290F0345008C05AE /* Base */ = {isa = PBXFileReference; lastKnownFileType = file.storyboard; name = Base; path = Base.lproj/LaunchScreen.storyboard; sourceTree = "<group>"; };
		359F4F2C290F0345008C05AE /* Info.plist */ = {isa = PBXFileReference; lastKnownFileType = text.plist.xml; path = Info.plist; sourceTree = "<group>"; };
		359F4F36290F333D008C05AE /* SearchController.swift */ = {isa = PBXFileReference; lastKnownFileType = sourcecode.swift; path = SearchController.swift; sourceTree = "<group>"; };
		359F4F38290F3397008C05AE /* FavoritesController.swift */ = {isa = PBXFileReference; lastKnownFileType = sourcecode.swift; path = FavoritesController.swift; sourceTree = "<group>"; };
		359F4F3B290F39E7008C05AE /* Button.swift */ = {isa = PBXFileReference; lastKnownFileType = sourcecode.swift; path = Button.swift; sourceTree = "<group>"; };
		359F4F3D290F3C0C008C05AE /* Extensions.swift */ = {isa = PBXFileReference; lastKnownFileType = sourcecode.swift; path = Extensions.swift; sourceTree = "<group>"; };
		359F4F3F290F3D02008C05AE /* TextField.swift */ = {isa = PBXFileReference; lastKnownFileType = sourcecode.swift; path = TextField.swift; sourceTree = "<group>"; };
		359F4F41290F48E8008C05AE /* FollowersController.swift */ = {isa = PBXFileReference; lastKnownFileType = sourcecode.swift; path = FollowersController.swift; sourceTree = "<group>"; };
		35ACFA082911713C000211E3 /* TitleLabel.swift */ = {isa = PBXFileReference; lastKnownFileType = sourcecode.swift; path = TitleLabel.swift; sourceTree = "<group>"; };
		35ACFA0A2911784A000211E3 /* BodyLabel.swift */ = {isa = PBXFileReference; lastKnownFileType = sourcecode.swift; path = BodyLabel.swift; sourceTree = "<group>"; };
		35ACFA0C29117935000211E3 /* AlertController.swift */ = {isa = PBXFileReference; lastKnownFileType = sourcecode.swift; path = AlertController.swift; sourceTree = "<group>"; };
		35ACFA0E29117E1A000211E3 /* Constants.swift */ = {isa = PBXFileReference; lastKnownFileType = sourcecode.swift; path = Constants.swift; sourceTree = "<group>"; };
		35ACFA1129118611000211E3 /* Follower.swift */ = {isa = PBXFileReference; lastKnownFileType = sourcecode.swift; path = Follower.swift; sourceTree = "<group>"; };
		35ACFA13291186C3000211E3 /* User.swift */ = {isa = PBXFileReference; lastKnownFileType = sourcecode.swift; path = User.swift; sourceTree = "<group>"; };
		35ACFA152911A0A5000211E3 /* NetworkManager.swift */ = {isa = PBXFileReference; lastKnownFileType = sourcecode.swift; path = NetworkManager.swift; sourceTree = "<group>"; };
		35ACFA172911AAAF000211E3 /* Enums.swift */ = {isa = PBXFileReference; lastKnownFileType = sourcecode.swift; path = Enums.swift; sourceTree = "<group>"; };
		35E9D1EF2912DD8300EED3B6 /* UIHelper.swift */ = {isa = PBXFileReference; lastKnownFileType = sourcecode.swift; path = UIHelper.swift; sourceTree = "<group>"; };
		35E9D1F12912F12500EED3B6 /* EmptyState.swift */ = {isa = PBXFileReference; lastKnownFileType = sourcecode.swift; path = EmptyState.swift; sourceTree = "<group>"; };
		35FA98942911B26200025038 /* FollowerCell.swift */ = {isa = PBXFileReference; lastKnownFileType = sourcecode.swift; path = FollowerCell.swift; sourceTree = "<group>"; };
		35FA98962911B3C400025038 /* AvatarImage.swift */ = {isa = PBXFileReference; lastKnownFileType = sourcecode.swift; path = AvatarImage.swift; sourceTree = "<group>"; };
/* End PBXFileReference section */

/* Begin PBXFrameworksBuildPhase section */
		359F4F18290F0342008C05AE /* Frameworks */ = {
			isa = PBXFrameworksBuildPhase;
			buildActionMask = 2147483647;
			files = (
			);
			runOnlyForDeploymentPostprocessing = 0;
		};
/* End PBXFrameworksBuildPhase section */

/* Begin PBXGroup section */
		3519B6562914775E0097CC86 /* Profile */ = {
			isa = PBXGroup;
			children = (
				3519B6572914776A0097CC86 /* ProfileHeader.swift */,
			);
			path = Profile;
			sourceTree = "<group>";
		};
		359F4F12290F0342008C05AE = {
			isa = PBXGroup;
			children = (
				359F4F1D290F0342008C05AE /* GitHub Followers */,
				359F4F1C290F0342008C05AE /* Products */,
			);
			sourceTree = "<group>";
		};
		359F4F1C290F0342008C05AE /* Products */ = {
			isa = PBXGroup;
			children = (
				359F4F1B290F0342008C05AE /* GitHub Followers.app */,
			);
			name = Products;
			sourceTree = "<group>";
		};
		359F4F1D290F0342008C05AE /* GitHub Followers */ = {
			isa = PBXGroup;
			children = (
				359F4F3A290F39D8008C05AE /* Elements */,
				359F4F35290F330D008C05AE /* API */,
				359F4F34290F3303008C05AE /* Views */,
				359F4F33290F32FB008C05AE /* Utils */,
				359F4F32290F32F2008C05AE /* Controllers */,
				359F4F1E290F0342008C05AE /* AppDelegate.swift */,
				359F4F20290F0342008C05AE /* SceneDelegate.swift */,
				359F4F27290F0345008C05AE /* Assets.xcassets */,
				359F4F29290F0345008C05AE /* LaunchScreen.storyboard */,
				359F4F2C290F0345008C05AE /* Info.plist */,
			);
			path = "GitHub Followers";
			sourceTree = "<group>";
		};
		359F4F32290F32F2008C05AE /* Controllers */ = {
			isa = PBXGroup;
			children = (
				3519B6562914775E0097CC86 /* Profile */,
				359F4F36290F333D008C05AE /* SearchController.swift */,
				359F4F38290F3397008C05AE /* FavoritesController.swift */,
				359F4F41290F48E8008C05AE /* FollowersController.swift */,
				35ACFA0C29117935000211E3 /* AlertController.swift */,
				3519B65429146A980097CC86 /* ProfileController.swift */,
			);
			path = Controllers;
			sourceTree = "<group>";
		};
		359F4F33290F32FB008C05AE /* Utils */ = {
			isa = PBXGroup;
			children = (
				359F4F3D290F3C0C008C05AE /* Extensions.swift */,
				35ACFA0E29117E1A000211E3 /* Constants.swift */,
				35ACFA172911AAAF000211E3 /* Enums.swift */,
				35E9D1EF2912DD8300EED3B6 /* UIHelper.swift */,
			);
			path = Utils;
			sourceTree = "<group>";
		};
		359F4F34290F3303008C05AE /* Views */ = {
			isa = PBXGroup;
			children = (
				35FA98942911B26200025038 /* FollowerCell.swift */,
				35E9D1F12912F12500EED3B6 /* EmptyState.swift */,
			);
			path = Views;
			sourceTree = "<group>";
		};
		359F4F35290F330D008C05AE /* API */ = {
			isa = PBXGroup;
			children = (
				35ACFA1029118607000211E3 /* Model */,
				35ACFA152911A0A5000211E3 /* NetworkManager.swift */,
			);
			path = API;
			sourceTree = "<group>";
		};
		359F4F3A290F39D8008C05AE /* Elements */ = {
			isa = PBXGroup;
			children = (
				359F4F3B290F39E7008C05AE /* Button.swift */,
				359F4F3F290F3D02008C05AE /* TextField.swift */,
				35ACFA082911713C000211E3 /* TitleLabel.swift */,
				35ACFA0A2911784A000211E3 /* BodyLabel.swift */,
				35FA98962911B3C400025038 /* AvatarImage.swift */,
				3519B659291477A90097CC86 /* SecondaryLabel.swift */,
			);
			path = Elements;
			sourceTree = "<group>";
		};
		35ACFA1029118607000211E3 /* Model */ = {
			isa = PBXGroup;
			children = (
				35ACFA1129118611000211E3 /* Follower.swift */,
				35ACFA13291186C3000211E3 /* User.swift */,
			);
			path = Model;
			sourceTree = "<group>";
		};
/* End PBXGroup section */

/* Begin PBXNativeTarget section */
		359F4F1A290F0342008C05AE /* GitHub Followers */ = {
			isa = PBXNativeTarget;
			buildConfigurationList = 359F4F2F290F0345008C05AE /* Build configuration list for PBXNativeTarget "GitHub Followers" */;
			buildPhases = (
				359F4F17290F0342008C05AE /* Sources */,
				359F4F18290F0342008C05AE /* Frameworks */,
				359F4F19290F0342008C05AE /* Resources */,
			);
			buildRules = (
			);
			dependencies = (
			);
			name = "GitHub Followers";
			productName = "GitHub Followers";
			productReference = 359F4F1B290F0342008C05AE /* GitHub Followers.app */;
			productType = "com.apple.product-type.application";
		};
/* End PBXNativeTarget section */

/* Begin PBXProject section */
		359F4F13290F0342008C05AE /* Project object */ = {
			isa = PBXProject;
			attributes = {
				BuildIndependentTargetsInParallel = 1;
				LastSwiftUpdateCheck = 1310;
				LastUpgradeCheck = 1310;
				TargetAttributes = {
					359F4F1A290F0342008C05AE = {
						CreatedOnToolsVersion = 13.1;
					};
				};
			};
			buildConfigurationList = 359F4F16290F0342008C05AE /* Build configuration list for PBXProject "GitHub Followers" */;
			compatibilityVersion = "Xcode 13.0";
			developmentRegion = en;
			hasScannedForEncodings = 0;
			knownRegions = (
				en,
				Base,
			);
			mainGroup = 359F4F12290F0342008C05AE;
			productRefGroup = 359F4F1C290F0342008C05AE /* Products */;
			projectDirPath = "";
			projectRoot = "";
			targets = (
				359F4F1A290F0342008C05AE /* GitHub Followers */,
			);
		};
/* End PBXProject section */

/* Begin PBXResourcesBuildPhase section */
		359F4F19290F0342008C05AE /* Resources */ = {
			isa = PBXResourcesBuildPhase;
			buildActionMask = 2147483647;
			files = (
				359F4F2B290F0345008C05AE /* LaunchScreen.storyboard in Resources */,
				359F4F28290F0345008C05AE /* Assets.xcassets in Resources */,
			);
			runOnlyForDeploymentPostprocessing = 0;
		};
/* End PBXResourcesBuildPhase section */

/* Begin PBXSourcesBuildPhase section */
		359F4F17290F0342008C05AE /* Sources */ = {
			isa = PBXSourcesBuildPhase;
			buildActionMask = 2147483647;
			files = (
				359F4F3C290F39E7008C05AE /* Button.swift in Sources */,
				359F4F3E290F3C0C008C05AE /* Extensions.swift in Sources */,
				35ACFA0B2911784A000211E3 /* BodyLabel.swift in Sources */,
				35ACFA092911713C000211E3 /* TitleLabel.swift in Sources */,
				35FA98972911B3C400025038 /* AvatarImage.swift in Sources */,
				359F4F1F290F0342008C05AE /* AppDelegate.swift in Sources */,
				359F4F40290F3D02008C05AE /* TextField.swift in Sources */,
				35E9D1F22912F12500EED3B6 /* EmptyState.swift in Sources */,
				35ACFA14291186C3000211E3 /* User.swift in Sources */,
				35FA98952911B26200025038 /* FollowerCell.swift in Sources */,
				3519B6582914776A0097CC86 /* ProfileHeader.swift in Sources */,
				359F4F39290F3397008C05AE /* FavoritesController.swift in Sources */,
				35ACFA1229118611000211E3 /* Follower.swift in Sources */,
				359F4F42290F48E8008C05AE /* FollowersController.swift in Sources */,
				35ACFA0D29117935000211E3 /* AlertController.swift in Sources */,
				3519B65529146A980097CC86 /* ProfileController.swift in Sources */,
				359F4F37290F333D008C05AE /* SearchController.swift in Sources */,
				35ACFA162911A0A5000211E3 /* NetworkManager.swift in Sources */,
				3519B65A291477A90097CC86 /* SecondaryLabel.swift in Sources */,
				35E9D1F02912DD8300EED3B6 /* UIHelper.swift in Sources */,
				359F4F21290F0342008C05AE /* SceneDelegate.swift in Sources */,
				35ACFA182911AAAF000211E3 /* Enums.swift in Sources */,
				35ACFA0F29117E1A000211E3 /* Constants.swift in Sources */,
			);
			runOnlyForDeploymentPostprocessing = 0;
		};
/* End PBXSourcesBuildPhase section */

/* Begin PBXVariantGroup section */
		359F4F29290F0345008C05AE /* LaunchScreen.storyboard */ = {
			isa = PBXVariantGroup;
			children = (
				359F4F2A290F0345008C05AE /* Base */,
			);
			name = LaunchScreen.storyboard;
			sourceTree = "<group>";
		};
/* End PBXVariantGroup section */

/* Begin XCBuildConfiguration section */
		359F4F2D290F0345008C05AE /* Debug */ = {
			isa = XCBuildConfiguration;
			buildSettings = {
				ALWAYS_SEARCH_USER_PATHS = NO;
				CLANG_ANALYZER_NONNULL = YES;
				CLANG_ANALYZER_NUMBER_OBJECT_CONVERSION = YES_AGGRESSIVE;
				CLANG_CXX_LANGUAGE_STANDARD = "gnu++17";
				CLANG_CXX_LIBRARY = "libc++";
				CLANG_ENABLE_MODULES = YES;
				CLANG_ENABLE_OBJC_ARC = YES;
				CLANG_ENABLE_OBJC_WEAK = YES;
				CLANG_WARN_BLOCK_CAPTURE_AUTORELEASING = YES;
				CLANG_WARN_BOOL_CONVERSION = YES;
				CLANG_WARN_COMMA = YES;
				CLANG_WARN_CONSTANT_CONVERSION = YES;
				CLANG_WARN_DEPRECATED_OBJC_IMPLEMENTATIONS = YES;
				CLANG_WARN_DIRECT_OBJC_ISA_USAGE = YES_ERROR;
				CLANG_WARN_DOCUMENTATION_COMMENTS = YES;
				CLANG_WARN_EMPTY_BODY = YES;
				CLANG_WARN_ENUM_CONVERSION = YES;
				CLANG_WARN_INFINITE_RECURSION = YES;
				CLANG_WARN_INT_CONVERSION = YES;
				CLANG_WARN_NON_LITERAL_NULL_CONVERSION = YES;
				CLANG_WARN_OBJC_IMPLICIT_RETAIN_SELF = YES;
				CLANG_WARN_OBJC_LITERAL_CONVERSION = YES;
				CLANG_WARN_OBJC_ROOT_CLASS = YES_ERROR;
				CLANG_WARN_QUOTED_INCLUDE_IN_FRAMEWORK_HEADER = YES;
				CLANG_WARN_RANGE_LOOP_ANALYSIS = YES;
				CLANG_WARN_STRICT_PROTOTYPES = YES;
				CLANG_WARN_SUSPICIOUS_MOVE = YES;
				CLANG_WARN_UNGUARDED_AVAILABILITY = YES_AGGRESSIVE;
				CLANG_WARN_UNREACHABLE_CODE = YES;
				CLANG_WARN__DUPLICATE_METHOD_MATCH = YES;
				COPY_PHASE_STRIP = NO;
				DEBUG_INFORMATION_FORMAT = dwarf;
				ENABLE_STRICT_OBJC_MSGSEND = YES;
				ENABLE_TESTABILITY = YES;
				GCC_C_LANGUAGE_STANDARD = gnu11;
				GCC_DYNAMIC_NO_PIC = NO;
				GCC_NO_COMMON_BLOCKS = YES;
				GCC_OPTIMIZATION_LEVEL = 0;
				GCC_PREPROCESSOR_DEFINITIONS = (
					"DEBUG=1",
					"$(inherited)",
				);
				GCC_WARN_64_TO_32_BIT_CONVERSION = YES;
				GCC_WARN_ABOUT_RETURN_TYPE = YES_ERROR;
				GCC_WARN_UNDECLARED_SELECTOR = YES;
				GCC_WARN_UNINITIALIZED_AUTOS = YES_AGGRESSIVE;
				GCC_WARN_UNUSED_FUNCTION = YES;
				GCC_WARN_UNUSED_VARIABLE = YES;
				IPHONEOS_DEPLOYMENT_TARGET = 15.0;
				MTL_ENABLE_DEBUG_INFO = INCLUDE_SOURCE;
				MTL_FAST_MATH = YES;
				ONLY_ACTIVE_ARCH = YES;
				SDKROOT = iphoneos;
				SWIFT_ACTIVE_COMPILATION_CONDITIONS = DEBUG;
				SWIFT_OPTIMIZATION_LEVEL = "-Onone";
			};
			name = Debug;
		};
		359F4F2E290F0345008C05AE /* Release */ = {
			isa = XCBuildConfiguration;
			buildSettings = {
				ALWAYS_SEARCH_USER_PATHS = NO;
				CLANG_ANALYZER_NONNULL = YES;
				CLANG_ANALYZER_NUMBER_OBJECT_CONVERSION = YES_AGGRESSIVE;
				CLANG_CXX_LANGUAGE_STANDARD = "gnu++17";
				CLANG_CXX_LIBRARY = "libc++";
				CLANG_ENABLE_MODULES = YES;
				CLANG_ENABLE_OBJC_ARC = YES;
				CLANG_ENABLE_OBJC_WEAK = YES;
				CLANG_WARN_BLOCK_CAPTURE_AUTORELEASING = YES;
				CLANG_WARN_BOOL_CONVERSION = YES;
				CLANG_WARN_COMMA = YES;
				CLANG_WARN_CONSTANT_CONVERSION = YES;
				CLANG_WARN_DEPRECATED_OBJC_IMPLEMENTATIONS = YES;
				CLANG_WARN_DIRECT_OBJC_ISA_USAGE = YES_ERROR;
				CLANG_WARN_DOCUMENTATION_COMMENTS = YES;
				CLANG_WARN_EMPTY_BODY = YES;
				CLANG_WARN_ENUM_CONVERSION = YES;
				CLANG_WARN_INFINITE_RECURSION = YES;
				CLANG_WARN_INT_CONVERSION = YES;
				CLANG_WARN_NON_LITERAL_NULL_CONVERSION = YES;
				CLANG_WARN_OBJC_IMPLICIT_RETAIN_SELF = YES;
				CLANG_WARN_OBJC_LITERAL_CONVERSION = YES;
				CLANG_WARN_OBJC_ROOT_CLASS = YES_ERROR;
				CLANG_WARN_QUOTED_INCLUDE_IN_FRAMEWORK_HEADER = YES;
				CLANG_WARN_RANGE_LOOP_ANALYSIS = YES;
				CLANG_WARN_STRICT_PROTOTYPES = YES;
				CLANG_WARN_SUSPICIOUS_MOVE = YES;
				CLANG_WARN_UNGUARDED_AVAILABILITY = YES_AGGRESSIVE;
				CLANG_WARN_UNREACHABLE_CODE = YES;
				CLANG_WARN__DUPLICATE_METHOD_MATCH = YES;
				COPY_PHASE_STRIP = NO;
				DEBUG_INFORMATION_FORMAT = "dwarf-with-dsym";
				ENABLE_NS_ASSERTIONS = NO;
				ENABLE_STRICT_OBJC_MSGSEND = YES;
				GCC_C_LANGUAGE_STANDARD = gnu11;
				GCC_NO_COMMON_BLOCKS = YES;
				GCC_WARN_64_TO_32_BIT_CONVERSION = YES;
				GCC_WARN_ABOUT_RETURN_TYPE = YES_ERROR;
				GCC_WARN_UNDECLARED_SELECTOR = YES;
				GCC_WARN_UNINITIALIZED_AUTOS = YES_AGGRESSIVE;
				GCC_WARN_UNUSED_FUNCTION = YES;
				GCC_WARN_UNUSED_VARIABLE = YES;
				IPHONEOS_DEPLOYMENT_TARGET = 15.0;
				MTL_ENABLE_DEBUG_INFO = NO;
				MTL_FAST_MATH = YES;
				SDKROOT = iphoneos;
				SWIFT_COMPILATION_MODE = wholemodule;
				SWIFT_OPTIMIZATION_LEVEL = "-O";
				VALIDATE_PRODUCT = YES;
			};
			name = Release;
		};
		359F4F30290F0345008C05AE /* Debug */ = {
			isa = XCBuildConfiguration;
			buildSettings = {
				ASSETCATALOG_COMPILER_APPICON_NAME = AppIcon;
				ASSETCATALOG_COMPILER_GLOBAL_ACCENT_COLOR_NAME = AccentColor;
				CODE_SIGN_STYLE = Automatic;
				CURRENT_PROJECT_VERSION = 1;
				DEVELOPMENT_TEAM = 9S2MZXD36G;
				GENERATE_INFOPLIST_FILE = YES;
				INFOPLIST_FILE = "GitHub Followers/Info.plist";
				INFOPLIST_KEY_UIApplicationSupportsIndirectInputEvents = YES;
				INFOPLIST_KEY_UILaunchStoryboardName = LaunchScreen;
				INFOPLIST_KEY_UISupportedInterfaceOrientations = UIInterfaceOrientationPortrait;
				INFOPLIST_KEY_UISupportedInterfaceOrientations_iPad = "UIInterfaceOrientationPortrait UIInterfaceOrientationPortraitUpsideDown UIInterfaceOrientationLandscapeLeft UIInterfaceOrientationLandscapeRight";
				INFOPLIST_KEY_UISupportedInterfaceOrientations_iPhone = "UIInterfaceOrientationPortrait UIInterfaceOrientationLandscapeLeft UIInterfaceOrientationLandscapeRight";
				IPHONEOS_DEPLOYMENT_TARGET = 14.0;
				LD_RUNPATH_SEARCH_PATHS = (
					"$(inherited)",
					"@executable_path/Frameworks",
				);
				MARKETING_VERSION = 1.0;
				PRODUCT_BUNDLE_IDENTIFIER = "com.MKM.GitHub-Followers";
				PRODUCT_NAME = "$(TARGET_NAME)";
				SWIFT_EMIT_LOC_STRINGS = YES;
				SWIFT_VERSION = 5.0;
				TARGETED_DEVICE_FAMILY = 1;
			};
			name = Debug;
		};
		359F4F31290F0345008C05AE /* Release */ = {
			isa = XCBuildConfiguration;
			buildSettings = {
				ASSETCATALOG_COMPILER_APPICON_NAME = AppIcon;
				ASSETCATALOG_COMPILER_GLOBAL_ACCENT_COLOR_NAME = AccentColor;
				CODE_SIGN_STYLE = Automatic;
				CURRENT_PROJECT_VERSION = 1;
				DEVELOPMENT_TEAM = 9S2MZXD36G;
				GENERATE_INFOPLIST_FILE = YES;
				INFOPLIST_FILE = "GitHub Followers/Info.plist";
				INFOPLIST_KEY_UIApplicationSupportsIndirectInputEvents = YES;
				INFOPLIST_KEY_UILaunchStoryboardName = LaunchScreen;
				INFOPLIST_KEY_UISupportedInterfaceOrientations = UIInterfaceOrientationPortrait;
				INFOPLIST_KEY_UISupportedInterfaceOrientations_iPad = "UIInterfaceOrientationPortrait UIInterfaceOrientationPortraitUpsideDown UIInterfaceOrientationLandscapeLeft UIInterfaceOrientationLandscapeRight";
				INFOPLIST_KEY_UISupportedInterfaceOrientations_iPhone = "UIInterfaceOrientationPortrait UIInterfaceOrientationLandscapeLeft UIInterfaceOrientationLandscapeRight";
				IPHONEOS_DEPLOYMENT_TARGET = 14.0;
				LD_RUNPATH_SEARCH_PATHS = (
					"$(inherited)",
					"@executable_path/Frameworks",
				);
				MARKETING_VERSION = 1.0;
				PRODUCT_BUNDLE_IDENTIFIER = "com.MKM.GitHub-Followers";
				PRODUCT_NAME = "$(TARGET_NAME)";
				SWIFT_EMIT_LOC_STRINGS = YES;
				SWIFT_VERSION = 5.0;
				TARGETED_DEVICE_FAMILY = 1;
			};
			name = Release;
		};
/* End XCBuildConfiguration section */

/* Begin XCConfigurationList section */
		359F4F16290F0342008C05AE /* Build configuration list for PBXProject "GitHub Followers" */ = {
			isa = XCConfigurationList;
			buildConfigurations = (
				359F4F2D290F0345008C05AE /* Debug */,
				359F4F2E290F0345008C05AE /* Release */,
			);
			defaultConfigurationIsVisible = 0;
			defaultConfigurationName = Release;
		};
		359F4F2F290F0345008C05AE /* Build configuration list for PBXNativeTarget "GitHub Followers" */ = {
			isa = XCConfigurationList;
			buildConfigurations = (
				359F4F30290F0345008C05AE /* Debug */,
				359F4F31290F0345008C05AE /* Release */,
			);
			defaultConfigurationIsVisible = 0;
			defaultConfigurationName = Release;
		};
/* End XCConfigurationList section */
	};
	rootObject = 359F4F13290F0342008C05AE /* Project object */;
}
